
Microsoft Visual Studio Solution File, Format Version 12.00
# Visual Studio 15
VisualStudioVersion = 15.0.28010.2048
MinimumVisualStudioVersion = 10.0.40219.1
Project("{FAE04EC0-301F-11D3-BF4B-00C04F79EFBC}") = "PhotoViewerDemo", "PhotoViewerDemo\PhotoViewerDemo.csproj", "{507A3896-5899-448E-8F90-BB8C9E420502}"
EndProject
Global
	GlobalSection(SolutionConfigurationPlatforms) = preSolution
		Debug|Any CPU = Debug|Any CPU
		Release|Any CPU = Release|Any CPU
	EndGlobalSection
	GlobalSection(ProjectConfigurationPlatforms) = postSolution
		{507A3896-5899-448E-8F90-BB8C9E420502}.Debug|Any CPU.ActiveCfg = Debug|Any CPU
		{507A3896-5899-448E-8F90-BB8C9E420502}.Debug|Any CPU.Build.0 = Debug|Any CPU
		{507A3896-5899-448E-8F90-BB8C9E420502}.Release|Any CPU.ActiveCfg = Release|Any CPU
		{507A3896-5899-448E-8F90-BB8C9E420502}.Release|Any CPU.Build.0 = Release|Any CPU
	EndGlobalSection
	GlobalSection(SolutionProperties) = preSolution
		HideSolutionNode = FALSE
	EndGlobalSection
	GlobalSection(ExtensibilityGlobals) = postSolution
		SolutionGuid = {A4C4CB33-9CCB-430B-9B69-B200B1F919A6}
	EndGlobalSection
EndGlobal
